
Microsoft Visual Studio Solution File, Format Version 12.00
# Visual Studio Version 17
VisualStudioVersion = 17.1.32228.430
MinimumVisualStudioVersion = 10.0.40219.1
Project("{9A19103F-16F7-4668-BE54-9A1E7A4F7556}") = "MOD5_1302204112", "MOD5_1302204112.csproj", "{E7DEBABD-4D13-4EA2-A9F5-57ACC49796DF}"
EndProject
Global
	GlobalSection(SolutionConfigurationPlatforms) = preSolution
		Debug|Any CPU = Debug|Any CPU
		Release|Any CPU = Release|Any CPU
	EndGlobalSection
	GlobalSection(ProjectConfigurationPlatforms) = postSolution
		{E7DEBABD-4D13-4EA2-A9F5-57ACC49796DF}.Debug|Any CPU.ActiveCfg = Debug|Any CPU
		{E7DEBABD-4D13-4EA2-A9F5-57ACC49796DF}.Debug|Any CPU.Build.0 = Debug|Any CPU
		{E7DEBABD-4D13-4EA2-A9F5-57ACC49796DF}.Release|Any CPU.ActiveCfg = Release|Any CPU
		{E7DEBABD-4D13-4EA2-A9F5-57ACC49796DF}.Release|Any CPU.Build.0 = Release|Any CPU
	EndGlobalSection
	GlobalSection(SolutionProperties) = preSolution
		HideSolutionNode = FALSE
	EndGlobalSection
	GlobalSection(ExtensibilityGlobals) = postSolution
		SolutionGuid = {A44DE2ED-FDA6-4649-9FBB-8A854255E60C}
	EndGlobalSection
EndGlobal
